
Microsoft Visual Studio Solution File, Format Version 12.00
# Visual Studio Version 17
VisualStudioVersion = 17.4.33403.182
MinimumVisualStudioVersion = 10.0.40219.1
Project("{8BC9CEB8-8B4A-11D0-8D11-00A0C91BC942}") = "ConsoleApplication1", "ConsoleApplication1.vcxproj", "{EE5CB0BB-D740-4093-B823-504EDB2920E0}"
EndProject
Global
	GlobalSection(SolutionConfigurationPlatforms) = preSolution
		Debug|x64 = Debug|x64
		Debug|x86 = Debug|x86
		Release|x64 = Release|x64
		Release|x86 = Release|x86
	EndGlobalSection
	GlobalSection(ProjectConfigurationPlatforms) = postSolution
		{EE5CB0BB-D740-4093-B823-504EDB2920E0}.Debug|x64.ActiveCfg = Debug|x64
		{EE5CB0BB-D740-4093-B823-504EDB2920E0}.Debug|x64.Build.0 = Debug|x64
		{EE5CB0BB-D740-4093-B823-504EDB2920E0}.Debug|x86.ActiveCfg = Debug|Win32
		{EE5CB0BB-D740-4093-B823-504EDB2920E0}.Debug|x86.Build.0 = Debug|Win32
		{EE5CB0BB-D740-4093-B823-504EDB2920E0}.Release|x64.ActiveCfg = Release|x64
		{EE5CB0BB-D740-4093-B823-504EDB2920E0}.Release|x64.Build.0 = Release|x64
		{EE5CB0BB-D740-4093-B823-504EDB2920E0}.Release|x86.ActiveCfg = Release|Win32
		{EE5CB0BB-D740-4093-B823-504EDB2920E0}.Release|x86.Build.0 = Release|Win32
	EndGlobalSection
	GlobalSection(SolutionProperties) = preSolution
		HideSolutionNode = FALSE
	EndGlobalSection
	GlobalSection(ExtensibilityGlobals) = postSolution
		SolutionGuid = {067062D2-6319-418D-80DD-04FA43675B6A}
	EndGlobalSection
EndGlobal
